
Microsoft Visual Studio Solution File, Format Version 12.00
# Visual Studio Version 17
VisualStudioVersion = 17.7.34018.315
MinimumVisualStudioVersion = 10.0.40219.1
Project("{9A19103F-16F7-4668-BE54-9A1E7A4F7556}") = "FormulaEvaluator", "FormulaEvaluator\FormulaEvaluator.csproj", "{0BCF9615-0C8B-4795-AF2E-F7080413DC5C}"
EndProject
Project("{9A19103F-16F7-4668-BE54-9A1E7A4F7556}") = "FormulaEvaluatorTest", "FormulaEvaluatorTest\FormulaEvaluatorTest.csproj", "{82919DE1-85DC-4502-9938-F03AE21E5CE8}"
EndProject
Project("{9A19103F-16F7-4668-BE54-9A1E7A4F7556}") = "DependencyGraph", "DependencyGraph\DependencyGraph.csproj", "{489810A4-E992-4B95-8F4D-23C93AD8B1AE}"
EndProject
Project("{9A19103F-16F7-4668-BE54-9A1E7A4F7556}") = "DependencyGraphTests", "DependencyGraphTests\DependencyGraphTests.csproj", "{FB1950F3-BD0C-4F54-B565-18800B6BBE97}"
EndProject
Project("{9A19103F-16F7-4668-BE54-9A1E7A4F7556}") = "Formula", "Formula\Formula.csproj", "{D5A17786-4243-4438-98AC-99E77765CA9A}"
EndProject
Project("{9A19103F-16F7-4668-BE54-9A1E7A4F7556}") = "FormulaTests", "FormulaTests\FormulaTests.csproj", "{5606AE68-7034-4A82-B043-9C64670BD198}"
EndProject
Project("{9A19103F-16F7-4668-BE54-9A1E7A4F7556}") = "Spreadsheet", "Spreadsheet\Spreadsheet.csproj", "{08D93547-C57C-4CAE-8BC1-5839AFF3EC51}"
EndProject
Project("{9A19103F-16F7-4668-BE54-9A1E7A4F7556}") = "SpreadsheetTests", "SpreadsheetTests\SpreadsheetTests.csproj", "{A11778FE-64B4-436E-ABA0-1965FD7D2D3D}"
EndProject
Project("{9A19103F-16F7-4668-BE54-9A1E7A4F7556}") = "SpreadsheetGUI", "SpreadsheetGUI\SpreadsheetGUI.csproj", "{CF723A0C-61C7-42FC-AB7F-844DD2469DE7}"
EndProject
Project("{2150E333-8FDC-42A3-9474-1A3956D46DE8}") = "Solution Items", "Solution Items", "{0DC07F96-F2E2-4C4E-8DC2-10477B07E0C1}"
	ProjectSection(SolutionItems) = preProject
		README.txt = README.txt
	EndProjectSection
EndProject
Global
	GlobalSection(SolutionConfigurationPlatforms) = preSolution
		Debug|Any CPU = Debug|Any CPU
		Release|Any CPU = Release|Any CPU
	EndGlobalSection
	GlobalSection(ProjectConfigurationPlatforms) = postSolution
		{0BCF9615-0C8B-4795-AF2E-F7080413DC5C}.Debug|Any CPU.ActiveCfg = Debug|Any CPU
		{0BCF9615-0C8B-4795-AF2E-F7080413DC5C}.Debug|Any CPU.Build.0 = Debug|Any CPU
		{0BCF9615-0C8B-4795-AF2E-F7080413DC5C}.Release|Any CPU.ActiveCfg = Release|Any CPU
		{0BCF9615-0C8B-4795-AF2E-F7080413DC5C}.Release|Any CPU.Build.0 = Release|Any CPU
		{82919DE1-85DC-4502-9938-F03AE21E5CE8}.Debug|Any CPU.ActiveCfg = Debug|Any CPU
		{82919DE1-85DC-4502-9938-F03AE21E5CE8}.Debug|Any CPU.Build.0 = Debug|Any CPU
		{82919DE1-85DC-4502-9938-F03AE21E5CE8}.Release|Any CPU.ActiveCfg = Release|Any CPU
		{82919DE1-85DC-4502-9938-F03AE21E5CE8}.Release|Any CPU.Build.0 = Release|Any CPU
		{489810A4-E992-4B95-8F4D-23C93AD8B1AE}.Debug|Any CPU.ActiveCfg = Debug|Any CPU
		{489810A4-E992-4B95-8F4D-23C93AD8B1AE}.Debug|Any CPU.Build.0 = Debug|Any CPU
		{489810A4-E992-4B95-8F4D-23C93AD8B1AE}.Release|Any CPU.ActiveCfg = Release|Any CPU
		{489810A4-E992-4B95-8F4D-23C93AD8B1AE}.Release|Any CPU.Build.0 = Release|Any CPU
		{FB1950F3-BD0C-4F54-B565-18800B6BBE97}.Debug|Any CPU.ActiveCfg = Debug|Any CPU
		{FB1950F3-BD0C-4F54-B565-18800B6BBE97}.Debug|Any CPU.Build.0 = Debug|Any CPU
		{FB1950F3-BD0C-4F54-B565-18800B6BBE97}.Release|Any CPU.ActiveCfg = Release|Any CPU
		{FB1950F3-BD0C-4F54-B565-18800B6BBE97}.Release|Any CPU.Build.0 = Release|Any CPU
		{D5A17786-4243-4438-98AC-99E77765CA9A}.Debug|Any CPU.ActiveCfg = Debug|Any CPU
		{D5A17786-4243-4438-98AC-99E77765CA9A}.Debug|Any CPU.Build.0 = Debug|Any CPU
		{D5A17786-4243-4438-98AC-99E77765CA9A}.Release|Any CPU.ActiveCfg = Release|Any CPU
		{D5A17786-4243-4438-98AC-99E77765CA9A}.Release|Any CPU.Build.0 = Release|Any CPU
		{5606AE68-7034-4A82-B043-9C64670BD198}.Debug|Any CPU.ActiveCfg = Debug|Any CPU
		{5606AE68-7034-4A82-B043-9C64670BD198}.Debug|Any CPU.Build.0 = Debug|Any CPU
		{5606AE68-7034-4A82-B043-9C64670BD198}.Release|Any CPU.ActiveCfg = Release|Any CPU
		{5606AE68-7034-4A82-B043-9C64670BD198}.Release|Any CPU.Build.0 = Release|Any CPU
		{08D93547-C57C-4CAE-8BC1-5839AFF3EC51}.Debug|Any CPU.ActiveCfg = Debug|Any CPU
		{08D93547-C57C-4CAE-8BC1-5839AFF3EC51}.Debug|Any CPU.Build.0 = Debug|Any CPU
		{08D93547-C57C-4CAE-8BC1-5839AFF3EC51}.Release|Any CPU.ActiveCfg = Release|Any CPU
		{08D93547-C57C-4CAE-8BC1-5839AFF3EC51}.Release|Any CPU.Build.0 = Release|Any CPU
		{A11778FE-64B4-436E-ABA0-1965FD7D2D3D}.Debug|Any CPU.ActiveCfg = Debug|Any CPU
		{A11778FE-64B4-436E-ABA0-1965FD7D2D3D}.Debug|Any CPU.Build.0 = Debug|Any CPU
		{A11778FE-64B4-436E-ABA0-1965FD7D2D3D}.Release|Any CPU.ActiveCfg = Release|Any CPU
		{A11778FE-64B4-436E-ABA0-1965FD7D2D3D}.Release|Any CPU.Build.0 = Release|Any CPU
		{CF723A0C-61C7-42FC-AB7F-844DD2469DE7}.Debug|Any CPU.ActiveCfg = Debug|Any CPU
		{CF723A0C-61C7-42FC-AB7F-844DD2469DE7}.Debug|Any CPU.Build.0 = Debug|Any CPU
		{CF723A0C-61C7-42FC-AB7F-844DD2469DE7}.Debug|Any CPU.Deploy.0 = Debug|Any CPU
		{CF723A0C-61C7-42FC-AB7F-844DD2469DE7}.Release|Any CPU.ActiveCfg = Release|Any CPU
		{CF723A0C-61C7-42FC-AB7F-844DD2469DE7}.Release|Any CPU.Build.0 = Release|Any CPU
	EndGlobalSection
	GlobalSection(SolutionProperties) = preSolution
		HideSolutionNode = FALSE
	EndGlobalSection
	GlobalSection(ExtensibilityGlobals) = postSolution
		SolutionGuid = {433FFD40-8F52-43E2-AF87-3AF7B5D1196D}
	EndGlobalSection
EndGlobal
